
Microsoft Visual Studio Solution File, Format Version 12.00
# Visual Studio Version 16
VisualStudioVersion = 16.0.30523.141
MinimumVisualStudioVersion = 10.0.40219.1
Project("{FAE04EC0-301F-11D3-BF4B-00C04F79EFBC}") = "MainForm", "MainForm\MainForm.csproj", "{9201B695-8983-45C6-9BA5-FAF29249DECE}"
EndProject
Project("{FAE04EC0-301F-11D3-BF4B-00C04F79EFBC}") = "CustomizedUserControl", "CustomizedUserControl\CustomizedUserControl.csproj", "{12106FAA-55E0-486F-87D8-53839D08C714}"
EndProject
Global
	GlobalSection(SolutionConfigurationPlatforms) = preSolution
		Debug|Any CPU = Debug|Any CPU
		Release|Any CPU = Release|Any CPU
	EndGlobalSection
	GlobalSection(ProjectConfigurationPlatforms) = postSolution
		{9201B695-8983-45C6-9BA5-FAF29249DECE}.Debug|Any CPU.ActiveCfg = Debug|Any CPU
		{9201B695-8983-45C6-9BA5-FAF29249DECE}.Debug|Any CPU.Build.0 = Debug|Any CPU
		{9201B695-8983-45C6-9BA5-FAF29249DECE}.Release|Any CPU.ActiveCfg = Release|Any CPU
		{9201B695-8983-45C6-9BA5-FAF29249DECE}.Release|Any CPU.Build.0 = Release|Any CPU
		{12106FAA-55E0-486F-87D8-53839D08C714}.Debug|Any CPU.ActiveCfg = Debug|Any CPU
		{12106FAA-55E0-486F-87D8-53839D08C714}.Debug|Any CPU.Build.0 = Debug|Any CPU
		{12106FAA-55E0-486F-87D8-53839D08C714}.Release|Any CPU.ActiveCfg = Release|Any CPU
		{12106FAA-55E0-486F-87D8-53839D08C714}.Release|Any CPU.Build.0 = Release|Any CPU
	EndGlobalSection
	GlobalSection(SolutionProperties) = preSolution
		HideSolutionNode = FALSE
	EndGlobalSection
	GlobalSection(ExtensibilityGlobals) = postSolution
		SolutionGuid = {4C27FC9C-FC92-4A25-A358-43CE2189092D}
	EndGlobalSection
EndGlobal
